{
  "version": 4,
  "terraform_version": "1.2.4",
  "serial": 17,
  "lineage": "daf26b6f-aab9-efa9-dfa2-9934610cac03",
  "outputs": {},
  "resources": [
    {
      "mode": "data",
      "type": "github_branch",
      "name": "main",
      "provider": "provider[\"registry.terraform.io/integrations/github\"]",
      "instances": [
        {
          "schema_version": 0,
          "attributes": {
            "branch": "main",
            "etag": "W/\"28d586e85cb7ac6b60fd92aaeebba460ff2a37a3615ffe06a7acb372729904f1\"",
            "id": "filemage-client-go:main",
            "ref": "refs/heads/main",
            "repository": "filemage-client-go",
            "sha": "368bb5b09861d1d71e86ae7402d06301e2264fa9"
          },
          "sensitive_attributes": []
        }
      ]
    },
    {
      "mode": "managed",
      "type": "github_branch_default",
      "name": "default_main",
      "provider": "provider[\"registry.terraform.io/integrations/github\"]",
      "instances": [
        {
          "schema_version": 0,
          "attributes": {
            "branch": "main",
            "id": "filemage-client-go",
            "repository": "filemage-client-go"
          },
          "sensitive_attributes": [],
          "private": "bnVsbA==",
          "dependencies": [
            "data.github_branch.main",
            "github_repository.filemage_client_go_repo"
          ]
        }
      ]
    },
    {
      "mode": "managed",
      "type": "github_branch_protection",
      "name": "branch_protection_for_repo",
      "provider": "provider[\"registry.terraform.io/integrations/github\"]",
      "instances": [
        {
          "schema_version": 1,
          "attributes": {
            "allows_deletions": false,
            "allows_force_pushes": false,
            "blocks_creations": false,
            "enforce_admins": false,
            "id": "BPR_kwDOIDxNKM4BvwlE",
            "pattern": "main",
            "push_restrictions": null,
            "repository_id": "R_kgDOIDxNKA",
            "require_conversation_resolution": true,
            "require_signed_commits": false,
            "required_linear_history": false,
            "required_pull_request_reviews": [
              {
                "dismiss_stale_reviews": true,
                "dismissal_restrictions": null,
                "pull_request_bypassers": null,
                "require_code_owner_reviews": false,
                "required_approving_review_count": 1,
                "restrict_dismissals": false
              }
            ],
            "required_status_checks": [
              {
                "contexts": null,
                "strict": true
              }
            ]
          },
          "sensitive_attributes": [],
          "private": "eyJzY2hlbWFfdmVyc2lvbiI6IjEifQ==",
          "dependencies": [
            "data.github_branch.main",
            "github_repository.filemage_client_go_repo"
          ]
        }
      ]
    },
    {
      "mode": "managed",
      "type": "github_repository",
      "name": "filemage_client_go_repo",
      "provider": "provider[\"registry.terraform.io/integrations/github\"]",
      "instances": [
        {
          "schema_version": 0,
          "attributes": {
            "allow_auto_merge": false,
            "allow_merge_commit": true,
            "allow_rebase_merge": false,
            "allow_squash_merge": false,
            "archive_on_destroy": true,
            "archived": false,
            "auto_init": null,
            "branches": [
              {
                "name": "main",
                "protected": false
              }
            ],
            "default_branch": "main",
            "delete_branch_on_merge": false,
            "description": "Go client for filemage api",
            "etag": "W/\"72485ef426320639e6a619eb302c53bf2f38c74f550a4ca7228887c9a39d7708\"",
            "full_name": "pintjuk/filemage-client-go",
            "git_clone_url": "git://github.com/pintjuk/filemage-client-go.git",
            "gitignore_template": null,
            "has_downloads": false,
            "has_issues": false,
            "has_projects": false,
            "has_wiki": false,
            "homepage_url": "",
            "html_url": "https://github.com/pintjuk/filemage-client-go",
            "http_clone_url": "https://github.com/pintjuk/filemage-client-go.git",
            "id": "filemage-client-go",
            "ignore_vulnerability_alerts_during_read": null,
            "is_template": false,
            "license_template": null,
            "merge_commit_message": "PR_TITLE",
            "merge_commit_title": "MERGE_MESSAGE",
            "name": "filemage-client-go",
            "node_id": "R_kgDOIDxNKA",
            "pages": [],
            "private": false,
            "repo_id": 540822824,
            "squash_merge_commit_message": "COMMIT_MESSAGES",
            "squash_merge_commit_title": "COMMIT_OR_PR_TITLE",
            "ssh_clone_url": "git@github.com:pintjuk/filemage-client-go.git",
            "svn_url": "https://github.com/pintjuk/filemage-client-go",
            "template": [],
            "topics": [],
            "visibility": "public",
            "vulnerability_alerts": false
          },
          "sensitive_attributes": [],
          "private": "bnVsbA=="
        }
      ]
    }
  ]
}
